// !$*UTF8*$!
{
	archiveVersion = 1;
	classes = {
	};
	objectVersion = 56;
	objects = {

/* Begin PBXBuildFile section */
		2F232E4F28E22F4500BF84DF /* ViewControllerFactory.swift in Sources */ = {isa = PBXBuildFile; fileRef = 2F232E4E28E22F4500BF84DF /* ViewControllerFactory.swift */; };
		2F232E5128E22FAD00BF84DF /* iOSUIKitViewControllerFactoryTest.swift in Sources */ = {isa = PBXBuildFile; fileRef = 2F232E5028E22FAD00BF84DF /* iOSUIKitViewControllerFactoryTest.swift */; };
		2F232E5328E2303C00BF84DF /* iOSUIKitViewControllerFactory.swift in Sources */ = {isa = PBXBuildFile; fileRef = 2F232E5228E2303C00BF84DF /* iOSUIKitViewControllerFactory.swift */; };
		2F232E5528E2FA8F00BF84DF /* ResultsPresenterTest.swift in Sources */ = {isa = PBXBuildFile; fileRef = 2F232E5428E2FA8F00BF84DF /* ResultsPresenterTest.swift */; };
		2F232E5928E3014300BF84DF /* ResultsPresenter.swift in Sources */ = {isa = PBXBuildFile; fileRef = 2F232E5828E3014300BF84DF /* ResultsPresenter.swift */; };
		2F232E5B28E32C5B00BF84DF /* QuestionPresenterTest.swift in Sources */ = {isa = PBXBuildFile; fileRef = 2F232E5A28E32C5B00BF84DF /* QuestionPresenterTest.swift */; };
		2F232E5D28E32D6700BF84DF /* QuestionPresenter.swift in Sources */ = {isa = PBXBuildFile; fileRef = 2F232E5C28E32D6700BF84DF /* QuestionPresenter.swift */; };
		2F232E5F28E3487300BF84DF /* .gitignore in Resources */ = {isa = PBXBuildFile; fileRef = 2F232E5E28E3487300BF84DF /* .gitignore */; };
		2F232E6028E3487300BF84DF /* .gitignore in Resources */ = {isa = PBXBuildFile; fileRef = 2F232E5E28E3487300BF84DF /* .gitignore */; };
		2F29425228E05FB8009EC7C4 /* ResultsViewControllerTest.swift in Sources */ = {isa = PBXBuildFile; fileRef = 2F29425128E05FB8009EC7C4 /* ResultsViewControllerTest.swift */; };
		2F29425428E0603F009EC7C4 /* ResultsViewController.swift in Sources */ = {isa = PBXBuildFile; fileRef = 2F29425328E0603F009EC7C4 /* ResultsViewController.swift */; };
		2F29425628E060B2009EC7C4 /* ResultsViewController.xib in Resources */ = {isa = PBXBuildFile; fileRef = 2F29425528E060B2009EC7C4 /* ResultsViewController.xib */; };
		2F29425828E08A4D009EC7C4 /* TableViewHelpers.swift in Sources */ = {isa = PBXBuildFile; fileRef = 2F29425728E08A4D009EC7C4 /* TableViewHelpers.swift */; };
		2F29425A28E08C8A009EC7C4 /* CorrectAnswerCell.xib in Resources */ = {isa = PBXBuildFile; fileRef = 2F29425928E08C8A009EC7C4 /* CorrectAnswerCell.xib */; };
		2F29425C28E091D0009EC7C4 /* WrongAnswerCell.xib in Resources */ = {isa = PBXBuildFile; fileRef = 2F29425B28E091D0009EC7C4 /* WrongAnswerCell.xib */; };
		2F29425E28E09964009EC7C4 /* UITableViewExtensions.swift in Sources */ = {isa = PBXBuildFile; fileRef = 2F29425D28E09964009EC7C4 /* UITableViewExtensions.swift */; };
		2F29426028E099CD009EC7C4 /* PresentableAnswer.swift in Sources */ = {isa = PBXBuildFile; fileRef = 2F29425F28E099CD009EC7C4 /* PresentableAnswer.swift */; };
		2F29426228E09A05009EC7C4 /* CorrectAnswerCell.swift in Sources */ = {isa = PBXBuildFile; fileRef = 2F29426128E09A05009EC7C4 /* CorrectAnswerCell.swift */; };
		2F29426428E09A2B009EC7C4 /* WrongAnswerCell.swift in Sources */ = {isa = PBXBuildFile; fileRef = 2F29426328E09A2B009EC7C4 /* WrongAnswerCell.swift */; };
		2F29426D28E0F526009EC7C4 /* NavigationControllerRouterTest.swift in Sources */ = {isa = PBXBuildFile; fileRef = 2F29426C28E0F526009EC7C4 /* NavigationControllerRouterTest.swift */; };
		2F29426F28E0F6E4009EC7C4 /* NavigationControllerRouter.swift in Sources */ = {isa = PBXBuildFile; fileRef = 2F29426E28E0F6E4009EC7C4 /* NavigationControllerRouter.swift */; };
		2F29427328E0FD5F009EC7C4 /* QuizEngine in Frameworks */ = {isa = PBXBuildFile; productRef = 2F29427228E0FD5F009EC7C4 /* QuizEngine */; };
		2F2B336528EA724F00AF09C8 /* SingleAnswerQuestion.swift in Sources */ = {isa = PBXBuildFile; fileRef = 2F2B336428EA724F00AF09C8 /* SingleAnswerQuestion.swift */; };
		2F2B336728EA79F200AF09C8 /* QuestionHeader.swift in Sources */ = {isa = PBXBuildFile; fileRef = 2F2B336628EA79F200AF09C8 /* QuestionHeader.swift */; };
		2F2B336928EB0F2F00AF09C8 /* iOSSwiftUIViewControllerFactoryTest.swift in Sources */ = {isa = PBXBuildFile; fileRef = 2F2B336828EB0F2F00AF09C8 /* iOSSwiftUIViewControllerFactoryTest.swift */; };
		2F2B336B28EB122C00AF09C8 /* iOSSwiftViewControllerFactory.swift in Sources */ = {isa = PBXBuildFile; fileRef = 2F2B336A28EB122C00AF09C8 /* iOSSwiftViewControllerFactory.swift */; };
		2F2B336F28EB29B600AF09C8 /* MultipleSelectionStoreTest.swift in Sources */ = {isa = PBXBuildFile; fileRef = 2F2B336E28EB29B600AF09C8 /* MultipleSelectionStoreTest.swift */; };
		2F309E9F28EB544E00770D0A /* MultipleSelectionStore.swift in Sources */ = {isa = PBXBuildFile; fileRef = 2F309E9E28EB544E00770D0A /* MultipleSelectionStore.swift */; };
		2F64A64728E79BCC00A180CC /* ScoreTest.swift in Sources */ = {isa = PBXBuildFile; fileRef = 2F64A64628E79BCC00A180CC /* ScoreTest.swift */; };
		2F64A64A28E79CAA00A180CC /* BasicScore.swift in Sources */ = {isa = PBXBuildFile; fileRef = 2F64A64928E79CAA00A180CC /* BasicScore.swift */; };
		2F8D47B028DF558A00F86440 /* AppDelegate.swift in Sources */ = {isa = PBXBuildFile; fileRef = 2F8D47AF28DF558A00F86440 /* AppDelegate.swift */; };
		2F8D47B228DF558A00F86440 /* SceneDelegate.swift in Sources */ = {isa = PBXBuildFile; fileRef = 2F8D47B128DF558A00F86440 /* SceneDelegate.swift */; };
		2F8D47B928DF558B00F86440 /* Assets.xcassets in Resources */ = {isa = PBXBuildFile; fileRef = 2F8D47B828DF558B00F86440 /* Assets.xcassets */; };
		2F8D47BC28DF558B00F86440 /* LaunchScreen.storyboard in Resources */ = {isa = PBXBuildFile; fileRef = 2F8D47BA28DF558B00F86440 /* LaunchScreen.storyboard */; };
		2F8D47E028DF567100F86440 /* QuestionViewControllerTest.swift in Sources */ = {isa = PBXBuildFile; fileRef = 2F8D47DF28DF567100F86440 /* QuestionViewControllerTest.swift */; };
		2F8D47E228DF575400F86440 /* QuestionViewController.swift in Sources */ = {isa = PBXBuildFile; fileRef = 2F8D47E128DF575400F86440 /* QuestionViewController.swift */; };
		2F8D47E428DF591E00F86440 /* QuestionViewController.xib in Resources */ = {isa = PBXBuildFile; fileRef = 2F8D47E328DF591E00F86440 /* QuestionViewController.xib */; };
/* End PBXBuildFile section */

/* Begin PBXContainerItemProxy section */
		2F8D47C328DF558B00F86440 /* PBXContainerItemProxy */ = {
			isa = PBXContainerItemProxy;
			containerPortal = 2F8D47A428DF558A00F86440 /* Project object */;
			proxyType = 1;
			remoteGlobalIDString = 2F8D47AB28DF558A00F86440;
			remoteInfo = Quiz;
		};
/* End PBXContainerItemProxy section */

/* Begin PBXFileReference section */
		2F232E4E28E22F4500BF84DF /* ViewControllerFactory.swift */ = {isa = PBXFileReference; lastKnownFileType = sourcecode.swift; path = ViewControllerFactory.swift; sourceTree = "<group>"; };
		2F232E5028E22FAD00BF84DF /* iOSUIKitViewControllerFactoryTest.swift */ = {isa = PBXFileReference; lastKnownFileType = sourcecode.swift; path = iOSUIKitViewControllerFactoryTest.swift; sourceTree = "<group>"; };
		2F232E5228E2303C00BF84DF /* iOSUIKitViewControllerFactory.swift */ = {isa = PBXFileReference; lastKnownFileType = sourcecode.swift; path = iOSUIKitViewControllerFactory.swift; sourceTree = "<group>"; };
		2F232E5428E2FA8F00BF84DF /* ResultsPresenterTest.swift */ = {isa = PBXFileReference; lastKnownFileType = sourcecode.swift; path = ResultsPresenterTest.swift; sourceTree = "<group>"; };
		2F232E5828E3014300BF84DF /* ResultsPresenter.swift */ = {isa = PBXFileReference; lastKnownFileType = sourcecode.swift; path = ResultsPresenter.swift; sourceTree = "<group>"; };
		2F232E5A28E32C5B00BF84DF /* QuestionPresenterTest.swift */ = {isa = PBXFileReference; lastKnownFileType = sourcecode.swift; path = QuestionPresenterTest.swift; sourceTree = "<group>"; };
		2F232E5C28E32D6700BF84DF /* QuestionPresenter.swift */ = {isa = PBXFileReference; lastKnownFileType = sourcecode.swift; path = QuestionPresenter.swift; sourceTree = "<group>"; };
		2F232E5E28E3487300BF84DF /* .gitignore */ = {isa = PBXFileReference; lastKnownFileType = text; path = .gitignore; sourceTree = "<group>"; };
		2F29425128E05FB8009EC7C4 /* ResultsViewControllerTest.swift */ = {isa = PBXFileReference; lastKnownFileType = sourcecode.swift; path = ResultsViewControllerTest.swift; sourceTree = "<group>"; };
		2F29425328E0603F009EC7C4 /* ResultsViewController.swift */ = {isa = PBXFileReference; lastKnownFileType = sourcecode.swift; path = ResultsViewController.swift; sourceTree = "<group>"; };
		2F29425528E060B2009EC7C4 /* ResultsViewController.xib */ = {isa = PBXFileReference; lastKnownFileType = file.xib; path = ResultsViewController.xib; sourceTree = "<group>"; };
		2F29425728E08A4D009EC7C4 /* TableViewHelpers.swift */ = {isa = PBXFileReference; lastKnownFileType = sourcecode.swift; path = TableViewHelpers.swift; sourceTree = "<group>"; };
		2F29425928E08C8A009EC7C4 /* CorrectAnswerCell.xib */ = {isa = PBXFileReference; lastKnownFileType = file.xib; path = CorrectAnswerCell.xib; sourceTree = "<group>"; };
		2F29425B28E091D0009EC7C4 /* WrongAnswerCell.xib */ = {isa = PBXFileReference; lastKnownFileType = file.xib; path = WrongAnswerCell.xib; sourceTree = "<group>"; };
		2F29425D28E09964009EC7C4 /* UITableViewExtensions.swift */ = {isa = PBXFileReference; lastKnownFileType = sourcecode.swift; path = UITableViewExtensions.swift; sourceTree = "<group>"; };
		2F29425F28E099CD009EC7C4 /* PresentableAnswer.swift */ = {isa = PBXFileReference; lastKnownFileType = sourcecode.swift; path = PresentableAnswer.swift; sourceTree = "<group>"; };
		2F29426128E09A05009EC7C4 /* CorrectAnswerCell.swift */ = {isa = PBXFileReference; lastKnownFileType = sourcecode.swift; path = CorrectAnswerCell.swift; sourceTree = "<group>"; };
		2F29426328E09A2B009EC7C4 /* WrongAnswerCell.swift */ = {isa = PBXFileReference; lastKnownFileType = sourcecode.swift; path = WrongAnswerCell.swift; sourceTree = "<group>"; };
		2F29426C28E0F526009EC7C4 /* NavigationControllerRouterTest.swift */ = {isa = PBXFileReference; lastKnownFileType = sourcecode.swift; path = NavigationControllerRouterTest.swift; sourceTree = "<group>"; };
		2F29426E28E0F6E4009EC7C4 /* NavigationControllerRouter.swift */ = {isa = PBXFileReference; lastKnownFileType = sourcecode.swift; path = NavigationControllerRouter.swift; sourceTree = "<group>"; };
		2F29427028E0FD0F009EC7C4 /* QuizEngine */ = {isa = PBXFileReference; lastKnownFileType = wrapper; name = QuizEngine; path = ../QuizEngine; sourceTree = "<group>"; };
		2F2B336428EA724F00AF09C8 /* SingleAnswerQuestion.swift */ = {isa = PBXFileReference; lastKnownFileType = sourcecode.swift; path = SingleAnswerQuestion.swift; sourceTree = "<group>"; };
		2F2B336628EA79F200AF09C8 /* QuestionHeader.swift */ = {isa = PBXFileReference; lastKnownFileType = sourcecode.swift; path = QuestionHeader.swift; sourceTree = "<group>"; };
		2F2B336828EB0F2F00AF09C8 /* iOSSwiftUIViewControllerFactoryTest.swift */ = {isa = PBXFileReference; lastKnownFileType = sourcecode.swift; path = iOSSwiftUIViewControllerFactoryTest.swift; sourceTree = "<group>"; };
		2F2B336A28EB122C00AF09C8 /* iOSSwiftViewControllerFactory.swift */ = {isa = PBXFileReference; lastKnownFileType = sourcecode.swift; path = iOSSwiftViewControllerFactory.swift; sourceTree = "<group>"; };
		2F2B336E28EB29B600AF09C8 /* MultipleSelectionStoreTest.swift */ = {isa = PBXFileReference; lastKnownFileType = sourcecode.swift; path = MultipleSelectionStoreTest.swift; sourceTree = "<group>"; };
		2F309E9E28EB544E00770D0A /* MultipleSelectionStore.swift */ = {isa = PBXFileReference; lastKnownFileType = sourcecode.swift; path = MultipleSelectionStore.swift; sourceTree = "<group>"; };
		2F64A64628E79BCC00A180CC /* ScoreTest.swift */ = {isa = PBXFileReference; fileEncoding = 4; lastKnownFileType = sourcecode.swift; path = ScoreTest.swift; sourceTree = "<group>"; };
		2F64A64928E79CAA00A180CC /* BasicScore.swift */ = {isa = PBXFileReference; lastKnownFileType = sourcecode.swift; path = BasicScore.swift; sourceTree = "<group>"; };
		2F8D47AC28DF558A00F86440 /* Quiz.app */ = {isa = PBXFileReference; explicitFileType = wrapper.application; includeInIndex = 0; path = Quiz.app; sourceTree = BUILT_PRODUCTS_DIR; };
		2F8D47AF28DF558A00F86440 /* AppDelegate.swift */ = {isa = PBXFileReference; lastKnownFileType = sourcecode.swift; path = AppDelegate.swift; sourceTree = "<group>"; };
		2F8D47B128DF558A00F86440 /* SceneDelegate.swift */ = {isa = PBXFileReference; lastKnownFileType = sourcecode.swift; path = SceneDelegate.swift; sourceTree = "<group>"; };
		2F8D47B828DF558B00F86440 /* Assets.xcassets */ = {isa = PBXFileReference; lastKnownFileType = folder.assetcatalog; path = Assets.xcassets; sourceTree = "<group>"; };
		2F8D47BB28DF558B00F86440 /* Base */ = {isa = PBXFileReference; lastKnownFileType = file.storyboard; name = Base; path = Base.lproj/LaunchScreen.storyboard; sourceTree = "<group>"; };
		2F8D47BD28DF558B00F86440 /* Info.plist */ = {isa = PBXFileReference; lastKnownFileType = text.plist.xml; path = Info.plist; sourceTree = "<group>"; };
		2F8D47C228DF558B00F86440 /* QuizTests.xctest */ = {isa = PBXFileReference; explicitFileType = wrapper.cfbundle; includeInIndex = 0; path = QuizTests.xctest; sourceTree = BUILT_PRODUCTS_DIR; };
		2F8D47DF28DF567100F86440 /* QuestionViewControllerTest.swift */ = {isa = PBXFileReference; lastKnownFileType = sourcecode.swift; path = QuestionViewControllerTest.swift; sourceTree = "<group>"; };
		2F8D47E128DF575400F86440 /* QuestionViewController.swift */ = {isa = PBXFileReference; lastKnownFileType = sourcecode.swift; path = QuestionViewController.swift; sourceTree = "<group>"; };
		2F8D47E328DF591E00F86440 /* QuestionViewController.xib */ = {isa = PBXFileReference; lastKnownFileType = file.xib; path = QuestionViewController.xib; sourceTree = "<group>"; };
/* End PBXFileReference section */

/* Begin PBXFrameworksBuildPhase section */
		2F8D47A928DF558A00F86440 /* Frameworks */ = {
			isa = PBXFrameworksBuildPhase;
			buildActionMask = 2147483647;
			files = (
				2F29427328E0FD5F009EC7C4 /* QuizEngine in Frameworks */,
			);
			runOnlyForDeploymentPostprocessing = 0;
		};
		2F8D47BF28DF558B00F86440 /* Frameworks */ = {
			isa = PBXFrameworksBuildPhase;
			buildActionMask = 2147483647;
			files = (
			);
			runOnlyForDeploymentPostprocessing = 0;
		};
/* End PBXFrameworksBuildPhase section */

/* Begin PBXGroup section */
		2F16616828E473BA0013EDA1 /* Main */ = {
			isa = PBXGroup;
			children = (
				2F8D47AF28DF558A00F86440 /* AppDelegate.swift */,
				2F8D47B128DF558A00F86440 /* SceneDelegate.swift */,
				2F232E5228E2303C00BF84DF /* iOSUIKitViewControllerFactory.swift */,
				2F2B336A28EB122C00AF09C8 /* iOSSwiftViewControllerFactory.swift */,
				2F8D47B828DF558B00F86440 /* Assets.xcassets */,
				2F8D47BD28DF558B00F86440 /* Info.plist */,
			);
			path = Main;
			sourceTree = "<group>";
		};
		2F16616928E473BF0013EDA1 /* Routing */ = {
			isa = PBXGroup;
			children = (
				2F29426E28E0F6E4009EC7C4 /* NavigationControllerRouter.swift */,
				2F232E4E28E22F4500BF84DF /* ViewControllerFactory.swift */,
			);
			path = Routing;
			sourceTree = "<group>";
		};
		2F16616A28E473D60013EDA1 /* UI */ = {
			isa = PBXGroup;
			children = (
				2F2B336328EA715D00AF09C8 /* SwiftUI */,
				2F2B336228EA714600AF09C8 /* UIKit */,
			);
			path = UI;
			sourceTree = "<group>";
		};
		2F16616B28E473D90013EDA1 /* Presentation */ = {
			isa = PBXGroup;
			children = (
				2FDAC54928E475B000CC1723 /* Question */,
				2FDAC54828E475A800CC1723 /* Result */,
			);
			path = Presentation;
			sourceTree = "<group>";
		};
		2F16616C28E4740E0013EDA1 /* Question */ = {
			isa = PBXGroup;
			children = (
				2F8D47E128DF575400F86440 /* QuestionViewController.swift */,
				2F8D47E328DF591E00F86440 /* QuestionViewController.xib */,
			);
			path = Question;
			sourceTree = "<group>";
		};
		2F16616D28E474250013EDA1 /* Helpers */ = {
			isa = PBXGroup;
			children = (
				2F29425D28E09964009EC7C4 /* UITableViewExtensions.swift */,
			);
			path = Helpers;
			sourceTree = "<group>";
		};
		2F16616E28E4742A0013EDA1 /* Result */ = {
			isa = PBXGroup;
			children = (
				2F16616F28E474540013EDA1 /* Cells */,
				2F29425328E0603F009EC7C4 /* ResultsViewController.swift */,
				2F29425528E060B2009EC7C4 /* ResultsViewController.xib */,
			);
			path = Result;
			sourceTree = "<group>";
		};
		2F16616F28E474540013EDA1 /* Cells */ = {
			isa = PBXGroup;
			children = (
				2F29426128E09A05009EC7C4 /* CorrectAnswerCell.swift */,
				2F29425928E08C8A009EC7C4 /* CorrectAnswerCell.xib */,
				2F29426328E09A2B009EC7C4 /* WrongAnswerCell.swift */,
				2F29425B28E091D0009EC7C4 /* WrongAnswerCell.xib */,
			);
			path = Cells;
			sourceTree = "<group>";
		};
		2F29426528E0EF9B009EC7C4 /* Packages */ = {
			isa = PBXGroup;
			children = (
				2F29427028E0FD0F009EC7C4 /* QuizEngine */,
			);
			name = Packages;
			sourceTree = "<group>";
		};
		2F29427128E0FD5F009EC7C4 /* Frameworks */ = {
			isa = PBXGroup;
			children = (
			);
			name = Frameworks;
			sourceTree = "<group>";
		};
		2F2B336228EA714600AF09C8 /* UIKit */ = {
			isa = PBXGroup;
			children = (
				2FDAC54728E4755300CC1723 /* Launch */,
				2F16616C28E4740E0013EDA1 /* Question */,
				2F16616E28E4742A0013EDA1 /* Result */,
				2F16616D28E474250013EDA1 /* Helpers */,
			);
			path = UIKit;
			sourceTree = "<group>";
		};
		2F2B336328EA715D00AF09C8 /* SwiftUI */ = {
			isa = PBXGroup;
			children = (
				2F2B336428EA724F00AF09C8 /* SingleAnswerQuestion.swift */,
				2F2B336628EA79F200AF09C8 /* QuestionHeader.swift */,
				2F309E9E28EB544E00770D0A /* MultipleSelectionStore.swift */,
			);
			path = SwiftUI;
			sourceTree = "<group>";
		};
		2F2B336C28EB296700AF09C8 /* UIKit */ = {
			isa = PBXGroup;
			children = (
				2FDAC54B28E4760600CC1723 /* Question */,
				2FDAC54C28E4760E00CC1723 /* Result */,
				2FDAC54D28E4761200CC1723 /* Helpers */,
			);
			path = UIKit;
			sourceTree = "<group>";
		};
		2F2B336D28EB298800AF09C8 /* SwiftUI */ = {
			isa = PBXGroup;
			children = (
				2F2B336E28EB29B600AF09C8 /* MultipleSelectionStoreTest.swift */,
			);
			path = SwiftUI;
			sourceTree = "<group>";
		};
		2F64A64328E79ADE00A180CC /* Scoring */ = {
			isa = PBXGroup;
			children = (
				2F64A64628E79BCC00A180CC /* ScoreTest.swift */,
			);
			path = Scoring;
			sourceTree = "<group>";
		};
		2F64A64828E79C9D00A180CC /* Scoring */ = {
			isa = PBXGroup;
			children = (
				2F64A64928E79CAA00A180CC /* BasicScore.swift */,
			);
			path = Scoring;
			sourceTree = "<group>";
		};
		2F8D47A328DF558A00F86440 = {
			isa = PBXGroup;
			children = (
				2F29426528E0EF9B009EC7C4 /* Packages */,
				2F8D47AE28DF558A00F86440 /* Quiz */,
				2F8D47C528DF558B00F86440 /* QuizTests */,
				2F8D47AD28DF558A00F86440 /* Products */,
				2F29427128E0FD5F009EC7C4 /* Frameworks */,
				2F232E5E28E3487300BF84DF /* .gitignore */,
			);
			sourceTree = "<group>";
		};
		2F8D47AD28DF558A00F86440 /* Products */ = {
			isa = PBXGroup;
			children = (
				2F8D47AC28DF558A00F86440 /* Quiz.app */,
				2F8D47C228DF558B00F86440 /* QuizTests.xctest */,
			);
			name = Products;
			sourceTree = "<group>";
		};
		2F8D47AE28DF558A00F86440 /* Quiz */ = {
			isa = PBXGroup;
			children = (
				2F64A64828E79C9D00A180CC /* Scoring */,
				2F16616828E473BA0013EDA1 /* Main */,
				2F16616928E473BF0013EDA1 /* Routing */,
				2F16616B28E473D90013EDA1 /* Presentation */,
				2F16616A28E473D60013EDA1 /* UI */,
			);
			path = Quiz;
			sourceTree = "<group>";
		};
		2F8D47C528DF558B00F86440 /* QuizTests */ = {
			isa = PBXGroup;
			children = (
				2FDAC54F28E4767600CC1723 /* Main */,
				2F64A64328E79ADE00A180CC /* Scoring */,
				2FDAC55328E4776400CC1723 /* Routing */,
				2FDAC54E28E4764900CC1723 /* Presentation */,
				2FDAC54A28E4760200CC1723 /* UI */,
			);
			path = QuizTests;
			sourceTree = "<group>";
		};
		2FDAC54728E4755300CC1723 /* Launch */ = {
			isa = PBXGroup;
			children = (
				2F8D47BA28DF558B00F86440 /* LaunchScreen.storyboard */,
			);
			path = Launch;
			sourceTree = "<group>";
		};
		2FDAC54828E475A800CC1723 /* Result */ = {
			isa = PBXGroup;
			children = (
				2F232E5828E3014300BF84DF /* ResultsPresenter.swift */,
				2F29425F28E099CD009EC7C4 /* PresentableAnswer.swift */,
			);
			path = Result;
			sourceTree = "<group>";
		};
		2FDAC54928E475B000CC1723 /* Question */ = {
			isa = PBXGroup;
			children = (
				2F232E5C28E32D6700BF84DF /* QuestionPresenter.swift */,
			);
			path = Question;
			sourceTree = "<group>";
		};
		2FDAC54A28E4760200CC1723 /* UI */ = {
			isa = PBXGroup;
			children = (
				2F2B336D28EB298800AF09C8 /* SwiftUI */,
				2F2B336C28EB296700AF09C8 /* UIKit */,
			);
			path = UI;
			sourceTree = "<group>";
		};
		2FDAC54B28E4760600CC1723 /* Question */ = {
			isa = PBXGroup;
			children = (
				2F8D47DF28DF567100F86440 /* QuestionViewControllerTest.swift */,
			);
			path = Question;
			sourceTree = "<group>";
		};
		2FDAC54C28E4760E00CC1723 /* Result */ = {
			isa = PBXGroup;
			children = (
				2F29425128E05FB8009EC7C4 /* ResultsViewControllerTest.swift */,
			);
			path = Result;
			sourceTree = "<group>";
		};
		2FDAC54D28E4761200CC1723 /* Helpers */ = {
			isa = PBXGroup;
			children = (
				2F29425728E08A4D009EC7C4 /* TableViewHelpers.swift */,
			);
			path = Helpers;
			sourceTree = "<group>";
		};
		2FDAC54E28E4764900CC1723 /* Presentation */ = {
			isa = PBXGroup;
			children = (
				2FDAC55128E4771B00CC1723 /* Question */,
				2FDAC55028E4771800CC1723 /* Result */,
			);
			path = Presentation;
			sourceTree = "<group>";
		};
		2FDAC54F28E4767600CC1723 /* Main */ = {
			isa = PBXGroup;
			children = (
				2F232E5028E22FAD00BF84DF /* iOSUIKitViewControllerFactoryTest.swift */,
				2F2B336828EB0F2F00AF09C8 /* iOSSwiftUIViewControllerFactoryTest.swift */,
			);
			path = Main;
			sourceTree = "<group>";
		};
		2FDAC55028E4771800CC1723 /* Result */ = {
			isa = PBXGroup;
			children = (
				2F232E5428E2FA8F00BF84DF /* ResultsPresenterTest.swift */,
			);
			path = Result;
			sourceTree = "<group>";
		};
		2FDAC55128E4771B00CC1723 /* Question */ = {
			isa = PBXGroup;
			children = (
				2F232E5A28E32C5B00BF84DF /* QuestionPresenterTest.swift */,
			);
			path = Question;
			sourceTree = "<group>";
		};
		2FDAC55328E4776400CC1723 /* Routing */ = {
			isa = PBXGroup;
			children = (
				2F29426C28E0F526009EC7C4 /* NavigationControllerRouterTest.swift */,
			);
			path = Routing;
			sourceTree = "<group>";
		};
/* End PBXGroup section */

/* Begin PBXNativeTarget section */
		2F8D47AB28DF558A00F86440 /* Quiz */ = {
			isa = PBXNativeTarget;
			buildConfigurationList = 2F8D47D628DF558B00F86440 /* Build configuration list for PBXNativeTarget "Quiz" */;
			buildPhases = (
				2F8D47A828DF558A00F86440 /* Sources */,
				2F8D47A928DF558A00F86440 /* Frameworks */,
				2F8D47AA28DF558A00F86440 /* Resources */,
			);
			buildRules = (
			);
			dependencies = (
			);
			name = Quiz;
			packageProductDependencies = (
				2F29427228E0FD5F009EC7C4 /* QuizEngine */,
			);
			productName = Quiz;
			productReference = 2F8D47AC28DF558A00F86440 /* Quiz.app */;
			productType = "com.apple.product-type.application";
		};
		2F8D47C128DF558B00F86440 /* QuizTests */ = {
			isa = PBXNativeTarget;
			buildConfigurationList = 2F8D47D928DF558B00F86440 /* Build configuration list for PBXNativeTarget "QuizTests" */;
			buildPhases = (
				2F8D47BE28DF558B00F86440 /* Sources */,
				2F8D47BF28DF558B00F86440 /* Frameworks */,
				2F8D47C028DF558B00F86440 /* Resources */,
			);
			buildRules = (
			);
			dependencies = (
				2F8D47C428DF558B00F86440 /* PBXTargetDependency */,
			);
			name = QuizTests;
			productName = QuizTests;
			productReference = 2F8D47C228DF558B00F86440 /* QuizTests.xctest */;
			productType = "com.apple.product-type.bundle.unit-test";
		};
/* End PBXNativeTarget section */

/* Begin PBXProject section */
		2F8D47A428DF558A00F86440 /* Project object */ = {
			isa = PBXProject;
			attributes = {
				BuildIndependentTargetsInParallel = 1;
				LastSwiftUpdateCheck = 1400;
				LastUpgradeCheck = 1400;
				TargetAttributes = {
					2F8D47AB28DF558A00F86440 = {
						CreatedOnToolsVersion = 14.0;
					};
					2F8D47C128DF558B00F86440 = {
						CreatedOnToolsVersion = 14.0;
						TestTargetID = 2F8D47AB28DF558A00F86440;
					};
				};
			};
			buildConfigurationList = 2F8D47A728DF558A00F86440 /* Build configuration list for PBXProject "Quiz" */;
			compatibilityVersion = "Xcode 14.0";
			developmentRegion = en;
			hasScannedForEncodings = 0;
			knownRegions = (
				en,
				Base,
			);
			mainGroup = 2F8D47A328DF558A00F86440;
			productRefGroup = 2F8D47AD28DF558A00F86440 /* Products */;
			projectDirPath = "";
			projectRoot = "";
			targets = (
				2F8D47AB28DF558A00F86440 /* Quiz */,
				2F8D47C128DF558B00F86440 /* QuizTests */,
			);
		};
/* End PBXProject section */

/* Begin PBXResourcesBuildPhase section */
		2F8D47AA28DF558A00F86440 /* Resources */ = {
			isa = PBXResourcesBuildPhase;
			buildActionMask = 2147483647;
			files = (
				2F8D47BC28DF558B00F86440 /* LaunchScreen.storyboard in Resources */,
				2F232E5F28E3487300BF84DF /* .gitignore in Resources */,
				2F29425C28E091D0009EC7C4 /* WrongAnswerCell.xib in Resources */,
				2F8D47B928DF558B00F86440 /* Assets.xcassets in Resources */,
				2F8D47E428DF591E00F86440 /* QuestionViewController.xib in Resources */,
				2F29425A28E08C8A009EC7C4 /* CorrectAnswerCell.xib in Resources */,
				2F29425628E060B2009EC7C4 /* ResultsViewController.xib in Resources */,
			);
			runOnlyForDeploymentPostprocessing = 0;
		};
		2F8D47C028DF558B00F86440 /* Resources */ = {
			isa = PBXResourcesBuildPhase;
			buildActionMask = 2147483647;
			files = (
				2F232E6028E3487300BF84DF /* .gitignore in Resources */,
			);
			runOnlyForDeploymentPostprocessing = 0;
		};
/* End PBXResourcesBuildPhase section */

/* Begin PBXSourcesBuildPhase section */
		2F8D47A828DF558A00F86440 /* Sources */ = {
			isa = PBXSourcesBuildPhase;
			buildActionMask = 2147483647;
			files = (
				2F2B336728EA79F200AF09C8 /* QuestionHeader.swift in Sources */,
				2F29425E28E09964009EC7C4 /* UITableViewExtensions.swift in Sources */,
				2F309E9F28EB544E00770D0A /* MultipleSelectionStore.swift in Sources */,
				2F64A64A28E79CAA00A180CC /* BasicScore.swift in Sources */,
				2F8D47B028DF558A00F86440 /* AppDelegate.swift in Sources */,
				2F232E5928E3014300BF84DF /* ResultsPresenter.swift in Sources */,
				2F29426228E09A05009EC7C4 /* CorrectAnswerCell.swift in Sources */,
				2F8D47B228DF558A00F86440 /* SceneDelegate.swift in Sources */,
				2F29426028E099CD009EC7C4 /* PresentableAnswer.swift in Sources */,
				2F29426428E09A2B009EC7C4 /* WrongAnswerCell.swift in Sources */,
				2F232E5D28E32D6700BF84DF /* QuestionPresenter.swift in Sources */,
				2F232E5328E2303C00BF84DF /* iOSUIKitViewControllerFactory.swift in Sources */,
				2F29426F28E0F6E4009EC7C4 /* NavigationControllerRouter.swift in Sources */,
				2F2B336B28EB122C00AF09C8 /* iOSSwiftViewControllerFactory.swift in Sources */,
				2F8D47E228DF575400F86440 /* QuestionViewController.swift in Sources */,
				2F2B336528EA724F00AF09C8 /* SingleAnswerQuestion.swift in Sources */,
				2F29425428E0603F009EC7C4 /* ResultsViewController.swift in Sources */,
				2F232E4F28E22F4500BF84DF /* ViewControllerFactory.swift in Sources */,
			);
			runOnlyForDeploymentPostprocessing = 0;
		};
		2F8D47BE28DF558B00F86440 /* Sources */ = {
			isa = PBXSourcesBuildPhase;
			buildActionMask = 2147483647;
			files = (
				2F232E5528E2FA8F00BF84DF /* ResultsPresenterTest.swift in Sources */,
				2F29426D28E0F526009EC7C4 /* NavigationControllerRouterTest.swift in Sources */,
				2F2B336F28EB29B600AF09C8 /* MultipleSelectionStoreTest.swift in Sources */,
				2F8D47E028DF567100F86440 /* QuestionViewControllerTest.swift in Sources */,
				2F64A64728E79BCC00A180CC /* ScoreTest.swift in Sources */,
				2F2B336928EB0F2F00AF09C8 /* iOSSwiftUIViewControllerFactoryTest.swift in Sources */,
				2F232E5B28E32C5B00BF84DF /* QuestionPresenterTest.swift in Sources */,
				2F29425828E08A4D009EC7C4 /* TableViewHelpers.swift in Sources */,
				2F29425228E05FB8009EC7C4 /* ResultsViewControllerTest.swift in Sources */,
				2F232E5128E22FAD00BF84DF /* iOSUIKitViewControllerFactoryTest.swift in Sources */,
			);
			runOnlyForDeploymentPostprocessing = 0;
		};
/* End PBXSourcesBuildPhase section */

/* Begin PBXTargetDependency section */
		2F8D47C428DF558B00F86440 /* PBXTargetDependency */ = {
			isa = PBXTargetDependency;
			target = 2F8D47AB28DF558A00F86440 /* Quiz */;
			targetProxy = 2F8D47C328DF558B00F86440 /* PBXContainerItemProxy */;
		};
/* End PBXTargetDependency section */

/* Begin PBXVariantGroup section */
		2F8D47BA28DF558B00F86440 /* LaunchScreen.storyboard */ = {
			isa = PBXVariantGroup;
			children = (
				2F8D47BB28DF558B00F86440 /* Base */,
			);
			name = LaunchScreen.storyboard;
			sourceTree = "<group>";
		};
/* End PBXVariantGroup section */

/* Begin XCBuildConfiguration section */
		2F8D47D428DF558B00F86440 /* Debug */ = {
			isa = XCBuildConfiguration;
			buildSettings = {
				ALWAYS_SEARCH_USER_PATHS = NO;
				CLANG_ANALYZER_NONNULL = YES;
				CLANG_ANALYZER_NUMBER_OBJECT_CONVERSION = YES_AGGRESSIVE;
				CLANG_CXX_LANGUAGE_STANDARD = "gnu++20";
				CLANG_ENABLE_MODULES = YES;
				CLANG_ENABLE_OBJC_ARC = YES;
				CLANG_ENABLE_OBJC_WEAK = YES;
				CLANG_WARN_BLOCK_CAPTURE_AUTORELEASING = YES;
				CLANG_WARN_BOOL_CONVERSION = YES;
				CLANG_WARN_COMMA = YES;
				CLANG_WARN_CONSTANT_CONVERSION = YES;
				CLANG_WARN_DEPRECATED_OBJC_IMPLEMENTATIONS = YES;
				CLANG_WARN_DIRECT_OBJC_ISA_USAGE = YES_ERROR;
				CLANG_WARN_DOCUMENTATION_COMMENTS = YES;
				CLANG_WARN_EMPTY_BODY = YES;
				CLANG_WARN_ENUM_CONVERSION = YES;
				CLANG_WARN_INFINITE_RECURSION = YES;
				CLANG_WARN_INT_CONVERSION = YES;
				CLANG_WARN_NON_LITERAL_NULL_CONVERSION = YES;
				CLANG_WARN_OBJC_IMPLICIT_RETAIN_SELF = YES;
				CLANG_WARN_OBJC_LITERAL_CONVERSION = YES;
				CLANG_WARN_OBJC_ROOT_CLASS = YES_ERROR;
				CLANG_WARN_QUOTED_INCLUDE_IN_FRAMEWORK_HEADER = YES;
				CLANG_WARN_RANGE_LOOP_ANALYSIS = YES;
				CLANG_WARN_STRICT_PROTOTYPES = YES;
				CLANG_WARN_SUSPICIOUS_MOVE = YES;
				CLANG_WARN_UNGUARDED_AVAILABILITY = YES_AGGRESSIVE;
				CLANG_WARN_UNREACHABLE_CODE = YES;
				CLANG_WARN__DUPLICATE_METHOD_MATCH = YES;
				COPY_PHASE_STRIP = NO;
				DEBUG_INFORMATION_FORMAT = dwarf;
				ENABLE_STRICT_OBJC_MSGSEND = YES;
				ENABLE_TESTABILITY = YES;
				GCC_C_LANGUAGE_STANDARD = gnu11;
				GCC_DYNAMIC_NO_PIC = NO;
				GCC_NO_COMMON_BLOCKS = YES;
				GCC_OPTIMIZATION_LEVEL = 0;
				GCC_PREPROCESSOR_DEFINITIONS = (
					"DEBUG=1",
					"$(inherited)",
				);
				GCC_WARN_64_TO_32_BIT_CONVERSION = YES;
				GCC_WARN_ABOUT_RETURN_TYPE = YES_ERROR;
				GCC_WARN_UNDECLARED_SELECTOR = YES;
				GCC_WARN_UNINITIALIZED_AUTOS = YES_AGGRESSIVE;
				GCC_WARN_UNUSED_FUNCTION = YES;
				GCC_WARN_UNUSED_VARIABLE = YES;
				IPHONEOS_DEPLOYMENT_TARGET = 16.0;
				MTL_ENABLE_DEBUG_INFO = INCLUDE_SOURCE;
				MTL_FAST_MATH = YES;
				ONLY_ACTIVE_ARCH = YES;
				SDKROOT = iphoneos;
				SWIFT_ACTIVE_COMPILATION_CONDITIONS = DEBUG;
				SWIFT_OPTIMIZATION_LEVEL = "-Onone";
			};
			name = Debug;
		};
		2F8D47D528DF558B00F86440 /* Release */ = {
			isa = XCBuildConfiguration;
			buildSettings = {
				ALWAYS_SEARCH_USER_PATHS = NO;
				CLANG_ANALYZER_NONNULL = YES;
				CLANG_ANALYZER_NUMBER_OBJECT_CONVERSION = YES_AGGRESSIVE;
				CLANG_CXX_LANGUAGE_STANDARD = "gnu++20";
				CLANG_ENABLE_MODULES = YES;
				CLANG_ENABLE_OBJC_ARC = YES;
				CLANG_ENABLE_OBJC_WEAK = YES;
				CLANG_WARN_BLOCK_CAPTURE_AUTORELEASING = YES;
				CLANG_WARN_BOOL_CONVERSION = YES;
				CLANG_WARN_COMMA = YES;
				CLANG_WARN_CONSTANT_CONVERSION = YES;
				CLANG_WARN_DEPRECATED_OBJC_IMPLEMENTATIONS = YES;
				CLANG_WARN_DIRECT_OBJC_ISA_USAGE = YES_ERROR;
				CLANG_WARN_DOCUMENTATION_COMMENTS = YES;
				CLANG_WARN_EMPTY_BODY = YES;
				CLANG_WARN_ENUM_CONVERSION = YES;
				CLANG_WARN_INFINITE_RECURSION = YES;
				CLANG_WARN_INT_CONVERSION = YES;
				CLANG_WARN_NON_LITERAL_NULL_CONVERSION = YES;
				CLANG_WARN_OBJC_IMPLICIT_RETAIN_SELF = YES;
				CLANG_WARN_OBJC_LITERAL_CONVERSION = YES;
				CLANG_WARN_OBJC_ROOT_CLASS = YES_ERROR;
				CLANG_WARN_QUOTED_INCLUDE_IN_FRAMEWORK_HEADER = YES;
				CLANG_WARN_RANGE_LOOP_ANALYSIS = YES;
				CLANG_WARN_STRICT_PROTOTYPES = YES;
				CLANG_WARN_SUSPICIOUS_MOVE = YES;
				CLANG_WARN_UNGUARDED_AVAILABILITY = YES_AGGRESSIVE;
				CLANG_WARN_UNREACHABLE_CODE = YES;
				CLANG_WARN__DUPLICATE_METHOD_MATCH = YES;
				COPY_PHASE_STRIP = NO;
				DEBUG_INFORMATION_FORMAT = "dwarf-with-dsym";
				ENABLE_NS_ASSERTIONS = NO;
				ENABLE_STRICT_OBJC_MSGSEND = YES;
				GCC_C_LANGUAGE_STANDARD = gnu11;
				GCC_NO_COMMON_BLOCKS = YES;
				GCC_WARN_64_TO_32_BIT_CONVERSION = YES;
				GCC_WARN_ABOUT_RETURN_TYPE = YES_ERROR;
				GCC_WARN_UNDECLARED_SELECTOR = YES;
				GCC_WARN_UNINITIALIZED_AUTOS = YES_AGGRESSIVE;
				GCC_WARN_UNUSED_FUNCTION = YES;
				GCC_WARN_UNUSED_VARIABLE = YES;
				IPHONEOS_DEPLOYMENT_TARGET = 16.0;
				MTL_ENABLE_DEBUG_INFO = NO;
				MTL_FAST_MATH = YES;
				SDKROOT = iphoneos;
				SWIFT_COMPILATION_MODE = wholemodule;
				SWIFT_OPTIMIZATION_LEVEL = "-O";
				VALIDATE_PRODUCT = YES;
			};
			name = Release;
		};
		2F8D47D728DF558B00F86440 /* Debug */ = {
			isa = XCBuildConfiguration;
			buildSettings = {
				ASSETCATALOG_COMPILER_APPICON_NAME = AppIcon;
				ASSETCATALOG_COMPILER_GLOBAL_ACCENT_COLOR_NAME = AccentColor;
				CODE_SIGN_STYLE = Automatic;
				CURRENT_PROJECT_VERSION = 1;
				DEVELOPMENT_TEAM = QPX4P42KC5;
				GENERATE_INFOPLIST_FILE = YES;
				INFOPLIST_FILE = Quiz/Main/Info.plist;
				INFOPLIST_KEY_UIApplicationSupportsIndirectInputEvents = YES;
				INFOPLIST_KEY_UILaunchStoryboardName = LaunchScreen;
				INFOPLIST_KEY_UISupportedInterfaceOrientations_iPad = "UIInterfaceOrientationPortrait UIInterfaceOrientationPortraitUpsideDown UIInterfaceOrientationLandscapeLeft UIInterfaceOrientationLandscapeRight";
				INFOPLIST_KEY_UISupportedInterfaceOrientations_iPhone = "UIInterfaceOrientationPortrait UIInterfaceOrientationLandscapeLeft UIInterfaceOrientationLandscapeRight";
				LD_RUNPATH_SEARCH_PATHS = (
					"$(inherited)",
					"@executable_path/Frameworks",
				);
				MARKETING_VERSION = 1.0;
				PRODUCT_BUNDLE_IDENTIFIER = sertrsv.Quiz;
				PRODUCT_NAME = "$(TARGET_NAME)";
				SWIFT_EMIT_LOC_STRINGS = YES;
				SWIFT_VERSION = 5.0;
				TARGETED_DEVICE_FAMILY = "1,2";
			};
			name = Debug;
		};
		2F8D47D828DF558B00F86440 /* Release */ = {
			isa = XCBuildConfiguration;
			buildSettings = {
				ASSETCATALOG_COMPILER_APPICON_NAME = AppIcon;
				ASSETCATALOG_COMPILER_GLOBAL_ACCENT_COLOR_NAME = AccentColor;
				CODE_SIGN_STYLE = Automatic;
				CURRENT_PROJECT_VERSION = 1;
				DEVELOPMENT_TEAM = QPX4P42KC5;
				GENERATE_INFOPLIST_FILE = YES;
				INFOPLIST_FILE = Quiz/Main/Info.plist;
				INFOPLIST_KEY_UIApplicationSupportsIndirectInputEvents = YES;
				INFOPLIST_KEY_UILaunchStoryboardName = LaunchScreen;
				INFOPLIST_KEY_UISupportedInterfaceOrientations_iPad = "UIInterfaceOrientationPortrait UIInterfaceOrientationPortraitUpsideDown UIInterfaceOrientationLandscapeLeft UIInterfaceOrientationLandscapeRight";
				INFOPLIST_KEY_UISupportedInterfaceOrientations_iPhone = "UIInterfaceOrientationPortrait UIInterfaceOrientationLandscapeLeft UIInterfaceOrientationLandscapeRight";
				LD_RUNPATH_SEARCH_PATHS = (
					"$(inherited)",
					"@executable_path/Frameworks",
				);
				MARKETING_VERSION = 1.0;
				PRODUCT_BUNDLE_IDENTIFIER = sertrsv.Quiz;
				PRODUCT_NAME = "$(TARGET_NAME)";
				SWIFT_EMIT_LOC_STRINGS = YES;
				SWIFT_VERSION = 5.0;
				TARGETED_DEVICE_FAMILY = "1,2";
			};
			name = Release;
		};
		2F8D47DA28DF558B00F86440 /* Debug */ = {
			isa = XCBuildConfiguration;
			buildSettings = {
				ALWAYS_EMBED_SWIFT_STANDARD_LIBRARIES = YES;
				BUNDLE_LOADER = "$(TEST_HOST)";
				CODE_SIGN_STYLE = Automatic;
				CURRENT_PROJECT_VERSION = 1;
				DEVELOPMENT_TEAM = QPX4P42KC5;
				GENERATE_INFOPLIST_FILE = YES;
				IPHONEOS_DEPLOYMENT_TARGET = 16.0;
				MARKETING_VERSION = 1.0;
				PRODUCT_BUNDLE_IDENTIFIER = sertrsv.QuizTests;
				PRODUCT_NAME = "$(TARGET_NAME)";
				SWIFT_EMIT_LOC_STRINGS = NO;
				SWIFT_VERSION = 5.0;
				TARGETED_DEVICE_FAMILY = "1,2";
				TEST_HOST = "$(BUILT_PRODUCTS_DIR)/Quiz.app/$(BUNDLE_EXECUTABLE_FOLDER_PATH)/Quiz";
			};
			name = Debug;
		};
		2F8D47DB28DF558B00F86440 /* Release */ = {
			isa = XCBuildConfiguration;
			buildSettings = {
				ALWAYS_EMBED_SWIFT_STANDARD_LIBRARIES = YES;
				BUNDLE_LOADER = "$(TEST_HOST)";
				CODE_SIGN_STYLE = Automatic;
				CURRENT_PROJECT_VERSION = 1;
				DEVELOPMENT_TEAM = QPX4P42KC5;
				GENERATE_INFOPLIST_FILE = YES;
				IPHONEOS_DEPLOYMENT_TARGET = 16.0;
				MARKETING_VERSION = 1.0;
				PRODUCT_BUNDLE_IDENTIFIER = sertrsv.QuizTests;
				PRODUCT_NAME = "$(TARGET_NAME)";
				SWIFT_EMIT_LOC_STRINGS = NO;
				SWIFT_VERSION = 5.0;
				TARGETED_DEVICE_FAMILY = "1,2";
				TEST_HOST = "$(BUILT_PRODUCTS_DIR)/Quiz.app/$(BUNDLE_EXECUTABLE_FOLDER_PATH)/Quiz";
			};
			name = Release;
		};
/* End XCBuildConfiguration section */

/* Begin XCConfigurationList section */
		2F8D47A728DF558A00F86440 /* Build configuration list for PBXProject "Quiz" */ = {
			isa = XCConfigurationList;
			buildConfigurations = (
				2F8D47D428DF558B00F86440 /* Debug */,
				2F8D47D528DF558B00F86440 /* Release */,
			);
			defaultConfigurationIsVisible = 0;
			defaultConfigurationName = Release;
		};
		2F8D47D628DF558B00F86440 /* Build configuration list for PBXNativeTarget "Quiz" */ = {
			isa = XCConfigurationList;
			buildConfigurations = (
				2F8D47D728DF558B00F86440 /* Debug */,
				2F8D47D828DF558B00F86440 /* Release */,
			);
			defaultConfigurationIsVisible = 0;
			defaultConfigurationName = Release;
		};
		2F8D47D928DF558B00F86440 /* Build configuration list for PBXNativeTarget "QuizTests" */ = {
			isa = XCConfigurationList;
			buildConfigurations = (
				2F8D47DA28DF558B00F86440 /* Debug */,
				2F8D47DB28DF558B00F86440 /* Release */,
			);
			defaultConfigurationIsVisible = 0;
			defaultConfigurationName = Release;
		};
/* End XCConfigurationList section */

/* Begin XCSwiftPackageProductDependency section */
		2F29427228E0FD5F009EC7C4 /* QuizEngine */ = {
			isa = XCSwiftPackageProductDependency;
			productName = QuizEngine;
		};
/* End XCSwiftPackageProductDependency section */
	};
	rootObject = 2F8D47A428DF558A00F86440 /* Project object */;
}
